version: 6
environments:
  default:
    channels:
    - url: https://conda.anaconda.org/conda-forge/
    packages:
      win-64:
      - conda: https://conda.anaconda.org/conda-forge/win-64/go-task-3.45.4-h11686cb_0.conda
packages:
- conda: https://conda.anaconda.org/conda-forge/win-64/go-task-3.45.4-h11686cb_0.conda
  sha256: 37c765f54c5b97f5e8344dccb9ff2511f346c8e119ed229227c15551accbf3b7
  md5: 45b5fc074b880c629991feb38f171e8a
  license: MIT
  license_family: MIT
  size: 6557213
  timestamp: 1758138258943
